
Microsoft Visual Studio Solution File, Format Version 12.00
# Visual Studio Version 17
VisualStudioVersion = 17.14.35906.104 d17.14
MinimumVisualStudioVersion = 10.0.40219.1
Project("{FAE04EC0-301F-11D3-BF4B-00C04F79EFBC}") = "CsharpTraining", "CsharpTraining\CsharpTraining.csproj", "{DC66F79B-8935-4B00-BC2D-072242274FEF}"
EndProject
Global
	GlobalSection(SolutionConfigurationPlatforms) = preSolution
		Debug|Any CPU = Debug|Any CPU
		Release|Any CPU = Release|Any CPU
	EndGlobalSection
	GlobalSection(ProjectConfigurationPlatforms) = postSolution
		{DC66F79B-8935-4B00-BC2D-072242274FEF}.Debug|Any CPU.ActiveCfg = Debug|Any CPU
		{DC66F79B-8935-4B00-BC2D-072242274FEF}.Debug|Any CPU.Build.0 = Debug|Any CPU
		{DC66F79B-8935-4B00-BC2D-072242274FEF}.Release|Any CPU.ActiveCfg = Release|Any CPU
		{DC66F79B-8935-4B00-BC2D-072242274FEF}.Release|Any CPU.Build.0 = Release|Any CPU
	EndGlobalSection
	GlobalSection(SolutionProperties) = preSolution
		HideSolutionNode = FALSE
	EndGlobalSection
	GlobalSection(ExtensibilityGlobals) = postSolution
		SolutionGuid = {5827C1E6-4393-453E-A01F-4397D27E866A}
	EndGlobalSection
EndGlobal
